
Microsoft Visual Studio Solution File, Format Version 12.00
# Visual Studio Version 16
VisualStudioVersion = 16.0.30717.126
MinimumVisualStudioVersion = 10.0.40219.1
Project("{FAE04EC0-301F-11D3-BF4B-00C04F79EFBC}") = "InterviewQuestions.Solutions", "InterviewQuestions.Solutions\InterviewQuestions.Solutions.csproj", "{536F798B-4327-4F77-834B-865250453E57}"
EndProject
Project("{FAE04EC0-301F-11D3-BF4B-00C04F79EFBC}") = "InterviewQuestions.Tests", "InterviewQuestions.Tests\InterviewQuestions.Tests.csproj", "{DD93CCF8-93A5-495F-830B-EFF70037A5C2}"
EndProject
Global
	GlobalSection(SolutionConfigurationPlatforms) = preSolution
		Debug|Any CPU = Debug|Any CPU
		Release|Any CPU = Release|Any CPU
	EndGlobalSection
	GlobalSection(ProjectConfigurationPlatforms) = postSolution
		{536F798B-4327-4F77-834B-865250453E57}.Debug|Any CPU.ActiveCfg = Debug|Any CPU
		{536F798B-4327-4F77-834B-865250453E57}.Debug|Any CPU.Build.0 = Debug|Any CPU
		{536F798B-4327-4F77-834B-865250453E57}.Release|Any CPU.ActiveCfg = Release|Any CPU
		{536F798B-4327-4F77-834B-865250453E57}.Release|Any CPU.Build.0 = Release|Any CPU
		{DD93CCF8-93A5-495F-830B-EFF70037A5C2}.Debug|Any CPU.ActiveCfg = Debug|Any CPU
		{DD93CCF8-93A5-495F-830B-EFF70037A5C2}.Debug|Any CPU.Build.0 = Debug|Any CPU
		{DD93CCF8-93A5-495F-830B-EFF70037A5C2}.Release|Any CPU.ActiveCfg = Release|Any CPU
		{DD93CCF8-93A5-495F-830B-EFF70037A5C2}.Release|Any CPU.Build.0 = Release|Any CPU
	EndGlobalSection
	GlobalSection(SolutionProperties) = preSolution
		HideSolutionNode = FALSE
	EndGlobalSection
	GlobalSection(ExtensibilityGlobals) = postSolution
		SolutionGuid = {40BAA542-8136-47B3-BB0B-A7F31851CF2B}
	EndGlobalSection
EndGlobal
